
Microsoft Visual Studio Solution File, Format Version 12.00
# Visual Studio Version 17
VisualStudioVersion = 17.12.35527.113
MinimumVisualStudioVersion = 10.0.40219.1
Project("{FAE04EC0-301F-11D3-BF4B-00C04F79EFBC}") = "CleanArchitecture.WebApi", "CleanArchitecture.WebApi\CleanArchitecture.WebApi.csproj", "{DD1E51E9-ACD8-4CE8-85FC-22A4425E9ABB}"
EndProject
Project("{2150E333-8FDC-42A3-9474-1A3956D46DE8}") = "src", "src", "{94238CA2-1437-4683-8A38-4F8A778BA07C}"
EndProject
Project("{2150E333-8FDC-42A3-9474-1A3956D46DE8}") = "Core", "Core", "{CD0AACCC-8DE2-45D5-A0BD-36B8A6395DDD}"
EndProject
Project("{2150E333-8FDC-42A3-9474-1A3956D46DE8}") = "External", "External", "{B8133ADB-F8B5-475A-9675-BAA64E92FDEC}"
EndProject
Project("{FAE04EC0-301F-11D3-BF4B-00C04F79EFBC}") = "CleanArchitecture.Application", "CleanArchitecture.Application\CleanArchitecture.Application.csproj", "{75E353CD-E8BD-46E2-B5F1-9B2CB4B8BB18}"
EndProject
Project("{FAE04EC0-301F-11D3-BF4B-00C04F79EFBC}") = "CleanArchitecture.Domain", "CleanArchitecture.Domain\CleanArchitecture.Domain.csproj", "{28D43E14-CA7F-4363-AC18-D141DCB36154}"
EndProject
Project("{FAE04EC0-301F-11D3-BF4B-00C04F79EFBC}") = "CleanArchitecture.Infastructure", "CleanArchitecture.Infastructure\CleanArchitecture.Infastructure.csproj", "{609E315E-DB9A-4594-A8F9-F8B078BEF064}"
EndProject
Project("{FAE04EC0-301F-11D3-BF4B-00C04F79EFBC}") = "CleanArchitecture.Persistance", "CleanArchitecture.Persistance\CleanArchitecture.Persistance.csproj", "{53540BE4-3582-48CA-85FB-6E76A7FA8AF2}"
EndProject
Project("{FAE04EC0-301F-11D3-BF4B-00C04F79EFBC}") = "CleanArchitecture.Presentation", "CleanArchitecture.Presentation\CleanArchitecture.Presentation.csproj", "{E6D1AA15-C7D4-4215-84BD-F4B7FD11B190}"
EndProject
Project("{2150E333-8FDC-42A3-9474-1A3956D46DE8}") = "test", "test", "{E2621729-DFF7-4B32-9B3F-8E3F366E17AC}"
EndProject
Project("{FAE04EC0-301F-11D3-BF4B-00C04F79EFBC}") = "CleanArchitecture.UnitTest", "CleanArchitecture.UnitTest\CleanArchitecture.UnitTest.csproj", "{291A4E04-B05A-4BA7-9437-3174FD99B5E2}"
EndProject
Global
	GlobalSection(SolutionConfigurationPlatforms) = preSolution
		Debug|Any CPU = Debug|Any CPU
		Release|Any CPU = Release|Any CPU
	EndGlobalSection
	GlobalSection(ProjectConfigurationPlatforms) = postSolution
		{DD1E51E9-ACD8-4CE8-85FC-22A4425E9ABB}.Debug|Any CPU.ActiveCfg = Debug|Any CPU
		{DD1E51E9-ACD8-4CE8-85FC-22A4425E9ABB}.Debug|Any CPU.Build.0 = Debug|Any CPU
		{DD1E51E9-ACD8-4CE8-85FC-22A4425E9ABB}.Release|Any CPU.ActiveCfg = Release|Any CPU
		{DD1E51E9-ACD8-4CE8-85FC-22A4425E9ABB}.Release|Any CPU.Build.0 = Release|Any CPU
		{75E353CD-E8BD-46E2-B5F1-9B2CB4B8BB18}.Debug|Any CPU.ActiveCfg = Debug|Any CPU
		{75E353CD-E8BD-46E2-B5F1-9B2CB4B8BB18}.Debug|Any CPU.Build.0 = Debug|Any CPU
		{75E353CD-E8BD-46E2-B5F1-9B2CB4B8BB18}.Release|Any CPU.ActiveCfg = Release|Any CPU
		{75E353CD-E8BD-46E2-B5F1-9B2CB4B8BB18}.Release|Any CPU.Build.0 = Release|Any CPU
		{28D43E14-CA7F-4363-AC18-D141DCB36154}.Debug|Any CPU.ActiveCfg = Debug|Any CPU
		{28D43E14-CA7F-4363-AC18-D141DCB36154}.Debug|Any CPU.Build.0 = Debug|Any CPU
		{28D43E14-CA7F-4363-AC18-D141DCB36154}.Release|Any CPU.ActiveCfg = Release|Any CPU
		{28D43E14-CA7F-4363-AC18-D141DCB36154}.Release|Any CPU.Build.0 = Release|Any CPU
		{609E315E-DB9A-4594-A8F9-F8B078BEF064}.Debug|Any CPU.ActiveCfg = Debug|Any CPU
		{609E315E-DB9A-4594-A8F9-F8B078BEF064}.Debug|Any CPU.Build.0 = Debug|Any CPU
		{609E315E-DB9A-4594-A8F9-F8B078BEF064}.Release|Any CPU.ActiveCfg = Release|Any CPU
		{609E315E-DB9A-4594-A8F9-F8B078BEF064}.Release|Any CPU.Build.0 = Release|Any CPU
		{53540BE4-3582-48CA-85FB-6E76A7FA8AF2}.Debug|Any CPU.ActiveCfg = Debug|Any CPU
		{53540BE4-3582-48CA-85FB-6E76A7FA8AF2}.Debug|Any CPU.Build.0 = Debug|Any CPU
		{53540BE4-3582-48CA-85FB-6E76A7FA8AF2}.Release|Any CPU.ActiveCfg = Release|Any CPU
		{53540BE4-3582-48CA-85FB-6E76A7FA8AF2}.Release|Any CPU.Build.0 = Release|Any CPU
		{E6D1AA15-C7D4-4215-84BD-F4B7FD11B190}.Debug|Any CPU.ActiveCfg = Debug|Any CPU
		{E6D1AA15-C7D4-4215-84BD-F4B7FD11B190}.Debug|Any CPU.Build.0 = Debug|Any CPU
		{E6D1AA15-C7D4-4215-84BD-F4B7FD11B190}.Release|Any CPU.ActiveCfg = Release|Any CPU
		{E6D1AA15-C7D4-4215-84BD-F4B7FD11B190}.Release|Any CPU.Build.0 = Release|Any CPU
		{291A4E04-B05A-4BA7-9437-3174FD99B5E2}.Debug|Any CPU.ActiveCfg = Debug|Any CPU
		{291A4E04-B05A-4BA7-9437-3174FD99B5E2}.Debug|Any CPU.Build.0 = Debug|Any CPU
		{291A4E04-B05A-4BA7-9437-3174FD99B5E2}.Release|Any CPU.ActiveCfg = Release|Any CPU
		{291A4E04-B05A-4BA7-9437-3174FD99B5E2}.Release|Any CPU.Build.0 = Release|Any CPU
	EndGlobalSection
	GlobalSection(SolutionProperties) = preSolution
		HideSolutionNode = FALSE
	EndGlobalSection
	GlobalSection(NestedProjects) = preSolution
		{DD1E51E9-ACD8-4CE8-85FC-22A4425E9ABB} = {94238CA2-1437-4683-8A38-4F8A778BA07C}
		{CD0AACCC-8DE2-45D5-A0BD-36B8A6395DDD} = {94238CA2-1437-4683-8A38-4F8A778BA07C}
		{B8133ADB-F8B5-475A-9675-BAA64E92FDEC} = {94238CA2-1437-4683-8A38-4F8A778BA07C}
		{75E353CD-E8BD-46E2-B5F1-9B2CB4B8BB18} = {CD0AACCC-8DE2-45D5-A0BD-36B8A6395DDD}
		{28D43E14-CA7F-4363-AC18-D141DCB36154} = {CD0AACCC-8DE2-45D5-A0BD-36B8A6395DDD}
		{609E315E-DB9A-4594-A8F9-F8B078BEF064} = {B8133ADB-F8B5-475A-9675-BAA64E92FDEC}
		{53540BE4-3582-48CA-85FB-6E76A7FA8AF2} = {B8133ADB-F8B5-475A-9675-BAA64E92FDEC}
		{E6D1AA15-C7D4-4215-84BD-F4B7FD11B190} = {B8133ADB-F8B5-475A-9675-BAA64E92FDEC}
		{291A4E04-B05A-4BA7-9437-3174FD99B5E2} = {E2621729-DFF7-4B32-9B3F-8E3F366E17AC}
	EndGlobalSection
EndGlobal
